
Microsoft Visual Studio Solution File, Format Version 12.00
# Visual Studio 15
VisualStudioVersion = 15.0.28307.757
MinimumVisualStudioVersion = 10.0.40219.1
Project("{2150E333-8FDC-42A3-9474-1A3956D46DE8}") = "Bussines", "Bussines", "{E4639DBF-BB2F-4161-900E-00C7F206E3AC}"
EndProject
Project("{2150E333-8FDC-42A3-9474-1A3956D46DE8}") = "Data", "Data", "{8F618ADF-7E68-470B-9B32-5D1FA983DDFA}"
EndProject
Project("{9A19103F-16F7-4668-BE54-9A1E7A4F7556}") = "Support110Media.Data", "Support110Media.Data\Support110Media.Data.csproj", "{11F6A6FC-9539-4C35-8671-68AFD3E285AD}"
EndProject
Project("{9A19103F-16F7-4668-BE54-9A1E7A4F7556}") = "Support110Media.DataAccess", "Support110Media.DataAccess\Support110Media.DataAccess.csproj", "{8DDCA301-7AC9-4D05-89D8-0223E4E8D626}"
EndProject
Project("{9A19103F-16F7-4668-BE54-9A1E7A4F7556}") = "Support110Media", "Support110Media\Support110Media.csproj", "{643AF4E6-D697-4477-AC18-B695CD2EE5E0}"
EndProject
Project("{2150E333-8FDC-42A3-9474-1A3956D46DE8}") = "Utils", "Utils", "{8321CA95-F343-40D8-B396-FD93075E507D}"
EndProject
Project("{FAE04EC0-301F-11D3-BF4B-00C04F79EFBC}") = "Support110Media.Utils", "Support110Media.Utils\Support110Media.Utils.csproj", "{96883FC1-DDE2-4CCD-9724-5C6D34B54119}"
EndProject
Global
	GlobalSection(SolutionConfigurationPlatforms) = preSolution
		Debug|Any CPU = Debug|Any CPU
		Release|Any CPU = Release|Any CPU
	EndGlobalSection
	GlobalSection(ProjectConfigurationPlatforms) = postSolution
		{11F6A6FC-9539-4C35-8671-68AFD3E285AD}.Debug|Any CPU.ActiveCfg = Debug|Any CPU
		{11F6A6FC-9539-4C35-8671-68AFD3E285AD}.Debug|Any CPU.Build.0 = Debug|Any CPU
		{11F6A6FC-9539-4C35-8671-68AFD3E285AD}.Release|Any CPU.ActiveCfg = Release|Any CPU
		{11F6A6FC-9539-4C35-8671-68AFD3E285AD}.Release|Any CPU.Build.0 = Release|Any CPU
		{8DDCA301-7AC9-4D05-89D8-0223E4E8D626}.Debug|Any CPU.ActiveCfg = Debug|Any CPU
		{8DDCA301-7AC9-4D05-89D8-0223E4E8D626}.Debug|Any CPU.Build.0 = Debug|Any CPU
		{8DDCA301-7AC9-4D05-89D8-0223E4E8D626}.Release|Any CPU.ActiveCfg = Release|Any CPU
		{8DDCA301-7AC9-4D05-89D8-0223E4E8D626}.Release|Any CPU.Build.0 = Release|Any CPU
		{643AF4E6-D697-4477-AC18-B695CD2EE5E0}.Debug|Any CPU.ActiveCfg = Debug|Any CPU
		{643AF4E6-D697-4477-AC18-B695CD2EE5E0}.Debug|Any CPU.Build.0 = Debug|Any CPU
		{643AF4E6-D697-4477-AC18-B695CD2EE5E0}.Release|Any CPU.ActiveCfg = Release|Any CPU
		{643AF4E6-D697-4477-AC18-B695CD2EE5E0}.Release|Any CPU.Build.0 = Release|Any CPU
		{96883FC1-DDE2-4CCD-9724-5C6D34B54119}.Debug|Any CPU.ActiveCfg = Debug|Any CPU
		{96883FC1-DDE2-4CCD-9724-5C6D34B54119}.Debug|Any CPU.Build.0 = Debug|Any CPU
		{96883FC1-DDE2-4CCD-9724-5C6D34B54119}.Release|Any CPU.ActiveCfg = Release|Any CPU
		{96883FC1-DDE2-4CCD-9724-5C6D34B54119}.Release|Any CPU.Build.0 = Release|Any CPU
	EndGlobalSection
	GlobalSection(SolutionProperties) = preSolution
		HideSolutionNode = FALSE
	EndGlobalSection
	GlobalSection(NestedProjects) = preSolution
		{11F6A6FC-9539-4C35-8671-68AFD3E285AD} = {8F618ADF-7E68-470B-9B32-5D1FA983DDFA}
		{8DDCA301-7AC9-4D05-89D8-0223E4E8D626} = {8F618ADF-7E68-470B-9B32-5D1FA983DDFA}
		{643AF4E6-D697-4477-AC18-B695CD2EE5E0} = {E4639DBF-BB2F-4161-900E-00C7F206E3AC}
		{96883FC1-DDE2-4CCD-9724-5C6D34B54119} = {8321CA95-F343-40D8-B396-FD93075E507D}
	EndGlobalSection
	GlobalSection(ExtensibilityGlobals) = postSolution
		SolutionGuid = {FE6EFA5C-3419-4467-AC14-EBFD4F00B183}
	EndGlobalSection
EndGlobal
